// !$*UTF8*$!
{
	archiveVersion = 1;
	classes = {
	};
	objectVersion = 56;
	objects = {

/* Begin PBXBuildFile section */
		E649EECE2C2C516D00F8D554 /* AppDelegate.swift in Sources */ = {isa = PBXBuildFile; fileRef = E649EECD2C2C516D00F8D554 /* AppDelegate.swift */; };
		E649EED02C2C516D00F8D554 /* SceneDelegate.swift in Sources */ = {isa = PBXBuildFile; fileRef = E649EECF2C2C516D00F8D554 /* SceneDelegate.swift */; };
		E649EED22C2C516D00F8D554 /* ViewController.swift in Sources */ = {isa = PBXBuildFile; fileRef = E649EED12C2C516D00F8D554 /* ViewController.swift */; };
		E649EED52C2C516D00F8D554 /* Base in Resources */ = {isa = PBXBuildFile; fileRef = E649EED42C2C516D00F8D554 /* Base */; };
		E649EED72C2C516E00F8D554 /* Assets.xcassets in Resources */ = {isa = PBXBuildFile; fileRef = E649EED62C2C516E00F8D554 /* Assets.xcassets */; };
		E649EEDA2C2C516E00F8D554 /* Base in Resources */ = {isa = PBXBuildFile; fileRef = E649EED92C2C516E00F8D554 /* Base */; };
		E649EEE52C2C517100F8D554 /* ProtocolBasedDependencyInjectionTests.swift in Sources */ = {isa = PBXBuildFile; fileRef = E649EEE42C2C517100F8D554 /* ProtocolBasedDependencyInjectionTests.swift */; };
		E649EEEF2C2C517100F8D554 /* ProtocolBasedDependencyInjectionUITests.swift in Sources */ = {isa = PBXBuildFile; fileRef = E649EEEE2C2C517100F8D554 /* ProtocolBasedDependencyInjectionUITests.swift */; };
		E649EEF12C2C517100F8D554 /* ProtocolBasedDependencyInjectionUITestsLaunchTests.swift in Sources */ = {isa = PBXBuildFile; fileRef = E649EEF02C2C517100F8D554 /* ProtocolBasedDependencyInjectionUITestsLaunchTests.swift */; };
		E649EF002C2C523100F8D554 /* Networking.swift in Sources */ = {isa = PBXBuildFile; fileRef = E649EEFF2C2C523100F8D554 /* Networking.swift */; };
		E649EF022C2C524500F8D554 /* Tracking.swift in Sources */ = {isa = PBXBuildFile; fileRef = E649EF012C2C524500F8D554 /* Tracking.swift */; };
		E649EF042C2C525E00F8D554 /* ABTesting.swift in Sources */ = {isa = PBXBuildFile; fileRef = E649EF032C2C525E00F8D554 /* ABTesting.swift */; };
		E649EF062C2C527E00F8D554 /* Page1ViewController.swift in Sources */ = {isa = PBXBuildFile; fileRef = E649EF052C2C527E00F8D554 /* Page1ViewController.swift */; };
		E649EF0A2C2C530800F8D554 /* Page2ViewController.swift in Sources */ = {isa = PBXBuildFile; fileRef = E649EF092C2C530800F8D554 /* Page2ViewController.swift */; };
		E649EF0E2C2C548500F8D554 /* NetworkingImplementation.swift in Sources */ = {isa = PBXBuildFile; fileRef = E649EF0D2C2C548500F8D554 /* NetworkingImplementation.swift */; };
		E649EF102C2C54B000F8D554 /* TrackingImplementation.swift in Sources */ = {isa = PBXBuildFile; fileRef = E649EF0F2C2C54B000F8D554 /* TrackingImplementation.swift */; };
		E649EF122C2C54CF00F8D554 /* ABTestingImplementation.swift in Sources */ = {isa = PBXBuildFile; fileRef = E649EF112C2C54CF00F8D554 /* ABTestingImplementation.swift */; };
/* End PBXBuildFile section */

/* Begin PBXContainerItemProxy section */
		E649EEE12C2C517100F8D554 /* PBXContainerItemProxy */ = {
			isa = PBXContainerItemProxy;
			containerPortal = E649EEC22C2C516D00F8D554 /* Project object */;
			proxyType = 1;
			remoteGlobalIDString = E649EEC92C2C516D00F8D554;
			remoteInfo = ProtocolBasedDependencyInjection;
		};
		E649EEEB2C2C517100F8D554 /* PBXContainerItemProxy */ = {
			isa = PBXContainerItemProxy;
			containerPortal = E649EEC22C2C516D00F8D554 /* Project object */;
			proxyType = 1;
			remoteGlobalIDString = E649EEC92C2C516D00F8D554;
			remoteInfo = ProtocolBasedDependencyInjection;
		};
/* End PBXContainerItemProxy section */

/* Begin PBXFileReference section */
		E649EECA2C2C516D00F8D554 /* ProtocolBasedDependencyInjection.app */ = {isa = PBXFileReference; explicitFileType = wrapper.application; includeInIndex = 0; path = ProtocolBasedDependencyInjection.app; sourceTree = BUILT_PRODUCTS_DIR; };
		E649EECD2C2C516D00F8D554 /* AppDelegate.swift */ = {isa = PBXFileReference; lastKnownFileType = sourcecode.swift; path = AppDelegate.swift; sourceTree = "<group>"; };
		E649EECF2C2C516D00F8D554 /* SceneDelegate.swift */ = {isa = PBXFileReference; lastKnownFileType = sourcecode.swift; path = SceneDelegate.swift; sourceTree = "<group>"; };
		E649EED12C2C516D00F8D554 /* ViewController.swift */ = {isa = PBXFileReference; lastKnownFileType = sourcecode.swift; path = ViewController.swift; sourceTree = "<group>"; };
		E649EED42C2C516D00F8D554 /* Base */ = {isa = PBXFileReference; lastKnownFileType = file.storyboard; name = Base; path = Base.lproj/Main.storyboard; sourceTree = "<group>"; };
		E649EED62C2C516E00F8D554 /* Assets.xcassets */ = {isa = PBXFileReference; lastKnownFileType = folder.assetcatalog; path = Assets.xcassets; sourceTree = "<group>"; };
		E649EED92C2C516E00F8D554 /* Base */ = {isa = PBXFileReference; lastKnownFileType = file.storyboard; name = Base; path = Base.lproj/LaunchScreen.storyboard; sourceTree = "<group>"; };
		E649EEDB2C2C516E00F8D554 /* Info.plist */ = {isa = PBXFileReference; lastKnownFileType = text.plist.xml; path = Info.plist; sourceTree = "<group>"; };
		E649EEE02C2C517100F8D554 /* ProtocolBasedDependencyInjectionTests.xctest */ = {isa = PBXFileReference; explicitFileType = wrapper.cfbundle; includeInIndex = 0; path = ProtocolBasedDependencyInjectionTests.xctest; sourceTree = BUILT_PRODUCTS_DIR; };
		E649EEE42C2C517100F8D554 /* ProtocolBasedDependencyInjectionTests.swift */ = {isa = PBXFileReference; lastKnownFileType = sourcecode.swift; path = ProtocolBasedDependencyInjectionTests.swift; sourceTree = "<group>"; };
		E649EEEA2C2C517100F8D554 /* ProtocolBasedDependencyInjectionUITests.xctest */ = {isa = PBXFileReference; explicitFileType = wrapper.cfbundle; includeInIndex = 0; path = ProtocolBasedDependencyInjectionUITests.xctest; sourceTree = BUILT_PRODUCTS_DIR; };
		E649EEEE2C2C517100F8D554 /* ProtocolBasedDependencyInjectionUITests.swift */ = {isa = PBXFileReference; lastKnownFileType = sourcecode.swift; path = ProtocolBasedDependencyInjectionUITests.swift; sourceTree = "<group>"; };
		E649EEF02C2C517100F8D554 /* ProtocolBasedDependencyInjectionUITestsLaunchTests.swift */ = {isa = PBXFileReference; lastKnownFileType = sourcecode.swift; path = ProtocolBasedDependencyInjectionUITestsLaunchTests.swift; sourceTree = "<group>"; };
		E649EEFF2C2C523100F8D554 /* Networking.swift */ = {isa = PBXFileReference; lastKnownFileType = sourcecode.swift; path = Networking.swift; sourceTree = "<group>"; };
		E649EF012C2C524500F8D554 /* Tracking.swift */ = {isa = PBXFileReference; lastKnownFileType = sourcecode.swift; path = Tracking.swift; sourceTree = "<group>"; };
		E649EF032C2C525E00F8D554 /* ABTesting.swift */ = {isa = PBXFileReference; lastKnownFileType = sourcecode.swift; path = ABTesting.swift; sourceTree = "<group>"; };
		E649EF052C2C527E00F8D554 /* Page1ViewController.swift */ = {isa = PBXFileReference; lastKnownFileType = sourcecode.swift; path = Page1ViewController.swift; sourceTree = "<group>"; };
		E649EF092C2C530800F8D554 /* Page2ViewController.swift */ = {isa = PBXFileReference; lastKnownFileType = sourcecode.swift; path = Page2ViewController.swift; sourceTree = "<group>"; };
		E649EF0D2C2C548500F8D554 /* NetworkingImplementation.swift */ = {isa = PBXFileReference; lastKnownFileType = sourcecode.swift; path = NetworkingImplementation.swift; sourceTree = "<group>"; };
		E649EF0F2C2C54B000F8D554 /* TrackingImplementation.swift */ = {isa = PBXFileReference; lastKnownFileType = sourcecode.swift; path = TrackingImplementation.swift; sourceTree = "<group>"; };
		E649EF112C2C54CF00F8D554 /* ABTestingImplementation.swift */ = {isa = PBXFileReference; lastKnownFileType = sourcecode.swift; path = ABTestingImplementation.swift; sourceTree = "<group>"; };
/* End PBXFileReference section */

/* Begin PBXFrameworksBuildPhase section */
		E649EEC72C2C516D00F8D554 /* Frameworks */ = {
			isa = PBXFrameworksBuildPhase;
			buildActionMask = 2147483647;
			files = (
			);
			runOnlyForDeploymentPostprocessing = 0;
		};
		E649EEDD2C2C517100F8D554 /* Frameworks */ = {
			isa = PBXFrameworksBuildPhase;
			buildActionMask = 2147483647;
			files = (
			);
			runOnlyForDeploymentPostprocessing = 0;
		};
		E649EEE72C2C517100F8D554 /* Frameworks */ = {
			isa = PBXFrameworksBuildPhase;
			buildActionMask = 2147483647;
			files = (
			);
			runOnlyForDeploymentPostprocessing = 0;
		};
/* End PBXFrameworksBuildPhase section */

/* Begin PBXGroup section */
		E649EEC12C2C516D00F8D554 = {
			isa = PBXGroup;
			children = (
				E649EECC2C2C516D00F8D554 /* ProtocolBasedDependencyInjection */,
				E649EEE32C2C517100F8D554 /* ProtocolBasedDependencyInjectionTests */,
				E649EEED2C2C517100F8D554 /* ProtocolBasedDependencyInjectionUITests */,
				E649EECB2C2C516D00F8D554 /* Products */,
			);
			sourceTree = "<group>";
		};
		E649EECB2C2C516D00F8D554 /* Products */ = {
			isa = PBXGroup;
			children = (
				E649EECA2C2C516D00F8D554 /* ProtocolBasedDependencyInjection.app */,
				E649EEE02C2C517100F8D554 /* ProtocolBasedDependencyInjectionTests.xctest */,
				E649EEEA2C2C517100F8D554 /* ProtocolBasedDependencyInjectionUITests.xctest */,
			);
			name = Products;
			sourceTree = "<group>";
		};
		E649EECC2C2C516D00F8D554 /* ProtocolBasedDependencyInjection */ = {
			isa = PBXGroup;
			children = (
				E649EEFD2C2C520F00F8D554 /* Supporting */,
				E649EEFE2C2C522200F8D554 /* Protocols */,
				E649EF072C2C528600F8D554 /* ViewControllers */,
				E649EF082C2C529600F8D554 /* Views */,
				E649EEDB2C2C516E00F8D554 /* Info.plist */,
			);
			path = ProtocolBasedDependencyInjection;
			sourceTree = "<group>";
		};
		E649EEE32C2C517100F8D554 /* ProtocolBasedDependencyInjectionTests */ = {
			isa = PBXGroup;
			children = (
				E649EEE42C2C517100F8D554 /* ProtocolBasedDependencyInjectionTests.swift */,
			);
			path = ProtocolBasedDependencyInjectionTests;
			sourceTree = "<group>";
		};
		E649EEED2C2C517100F8D554 /* ProtocolBasedDependencyInjectionUITests */ = {
			isa = PBXGroup;
			children = (
				E649EEEE2C2C517100F8D554 /* ProtocolBasedDependencyInjectionUITests.swift */,
				E649EEF02C2C517100F8D554 /* ProtocolBasedDependencyInjectionUITestsLaunchTests.swift */,
			);
			path = ProtocolBasedDependencyInjectionUITests;
			sourceTree = "<group>";
		};
		E649EEFD2C2C520F00F8D554 /* Supporting */ = {
			isa = PBXGroup;
			children = (
				E649EECD2C2C516D00F8D554 /* AppDelegate.swift */,
				E649EECF2C2C516D00F8D554 /* SceneDelegate.swift */,
				E649EED62C2C516E00F8D554 /* Assets.xcassets */,
			);
			path = Supporting;
			sourceTree = "<group>";
		};
		E649EEFE2C2C522200F8D554 /* Protocols */ = {
			isa = PBXGroup;
			children = (
				E649EF0B2C2C544C00F8D554 /* BaseProtocols */,
				E649EF0C2C2C545C00F8D554 /* ProtocolsImplementation */,
			);
			path = Protocols;
			sourceTree = "<group>";
		};
		E649EF072C2C528600F8D554 /* ViewControllers */ = {
			isa = PBXGroup;
			children = (
				E649EED12C2C516D00F8D554 /* ViewController.swift */,
				E649EF052C2C527E00F8D554 /* Page1ViewController.swift */,
				E649EF092C2C530800F8D554 /* Page2ViewController.swift */,
			);
			path = ViewControllers;
			sourceTree = "<group>";
		};
		E649EF082C2C529600F8D554 /* Views */ = {
			isa = PBXGroup;
			children = (
				E649EED32C2C516D00F8D554 /* Main.storyboard */,
				E649EED82C2C516E00F8D554 /* LaunchScreen.storyboard */,
			);
			path = Views;
			sourceTree = "<group>";
		};
		E649EF0B2C2C544C00F8D554 /* BaseProtocols */ = {
			isa = PBXGroup;
			children = (
				E649EEFF2C2C523100F8D554 /* Networking.swift */,
				E649EF012C2C524500F8D554 /* Tracking.swift */,
				E649EF032C2C525E00F8D554 /* ABTesting.swift */,
			);
			path = BaseProtocols;
			sourceTree = "<group>";
		};
		E649EF0C2C2C545C00F8D554 /* ProtocolsImplementation */ = {
			isa = PBXGroup;
			children = (
				E649EF0D2C2C548500F8D554 /* NetworkingImplementation.swift */,
				E649EF0F2C2C54B000F8D554 /* TrackingImplementation.swift */,
				E649EF112C2C54CF00F8D554 /* ABTestingImplementation.swift */,
			);
			path = ProtocolsImplementation;
			sourceTree = "<group>";
		};
/* End PBXGroup section */

/* Begin PBXNativeTarget section */
		E649EEC92C2C516D00F8D554 /* ProtocolBasedDependencyInjection */ = {
			isa = PBXNativeTarget;
			buildConfigurationList = E649EEF42C2C517100F8D554 /* Build configuration list for PBXNativeTarget "ProtocolBasedDependencyInjection" */;
			buildPhases = (
				E649EEC62C2C516D00F8D554 /* Sources */,
				E649EEC72C2C516D00F8D554 /* Frameworks */,
				E649EEC82C2C516D00F8D554 /* Resources */,
			);
			buildRules = (
			);
			dependencies = (
			);
			name = ProtocolBasedDependencyInjection;
			productName = ProtocolBasedDependencyInjection;
			productReference = E649EECA2C2C516D00F8D554 /* ProtocolBasedDependencyInjection.app */;
			productType = "com.apple.product-type.application";
		};
		E649EEDF2C2C517100F8D554 /* ProtocolBasedDependencyInjectionTests */ = {
			isa = PBXNativeTarget;
			buildConfigurationList = E649EEF72C2C517100F8D554 /* Build configuration list for PBXNativeTarget "ProtocolBasedDependencyInjectionTests" */;
			buildPhases = (
				E649EEDC2C2C517100F8D554 /* Sources */,
				E649EEDD2C2C517100F8D554 /* Frameworks */,
				E649EEDE2C2C517100F8D554 /* Resources */,
			);
			buildRules = (
			);
			dependencies = (
				E649EEE22C2C517100F8D554 /* PBXTargetDependency */,
			);
			name = ProtocolBasedDependencyInjectionTests;
			productName = ProtocolBasedDependencyInjectionTests;
			productReference = E649EEE02C2C517100F8D554 /* ProtocolBasedDependencyInjectionTests.xctest */;
			productType = "com.apple.product-type.bundle.unit-test";
		};
		E649EEE92C2C517100F8D554 /* ProtocolBasedDependencyInjectionUITests */ = {
			isa = PBXNativeTarget;
			buildConfigurationList = E649EEFA2C2C517100F8D554 /* Build configuration list for PBXNativeTarget "ProtocolBasedDependencyInjectionUITests" */;
			buildPhases = (
				E649EEE62C2C517100F8D554 /* Sources */,
				E649EEE72C2C517100F8D554 /* Frameworks */,
				E649EEE82C2C517100F8D554 /* Resources */,
			);
			buildRules = (
			);
			dependencies = (
				E649EEEC2C2C517100F8D554 /* PBXTargetDependency */,
			);
			name = ProtocolBasedDependencyInjectionUITests;
			productName = ProtocolBasedDependencyInjectionUITests;
			productReference = E649EEEA2C2C517100F8D554 /* ProtocolBasedDependencyInjectionUITests.xctest */;
			productType = "com.apple.product-type.bundle.ui-testing";
		};
/* End PBXNativeTarget section */

/* Begin PBXProject section */
		E649EEC22C2C516D00F8D554 /* Project object */ = {
			isa = PBXProject;
			attributes = {
				BuildIndependentTargetsInParallel = 1;
				LastSwiftUpdateCheck = 1530;
				LastUpgradeCheck = 1530;
				TargetAttributes = {
					E649EEC92C2C516D00F8D554 = {
						CreatedOnToolsVersion = 15.3;
					};
					E649EEDF2C2C517100F8D554 = {
						CreatedOnToolsVersion = 15.3;
						TestTargetID = E649EEC92C2C516D00F8D554;
					};
					E649EEE92C2C517100F8D554 = {
						CreatedOnToolsVersion = 15.3;
						TestTargetID = E649EEC92C2C516D00F8D554;
					};
				};
			};
			buildConfigurationList = E649EEC52C2C516D00F8D554 /* Build configuration list for PBXProject "ProtocolBasedDependencyInjection" */;
			compatibilityVersion = "Xcode 14.0";
			developmentRegion = en;
			hasScannedForEncodings = 0;
			knownRegions = (
				en,
				Base,
			);
			mainGroup = E649EEC12C2C516D00F8D554;
			productRefGroup = E649EECB2C2C516D00F8D554 /* Products */;
			projectDirPath = "";
			projectRoot = "";
			targets = (
				E649EEC92C2C516D00F8D554 /* ProtocolBasedDependencyInjection */,
				E649EEDF2C2C517100F8D554 /* ProtocolBasedDependencyInjectionTests */,
				E649EEE92C2C517100F8D554 /* ProtocolBasedDependencyInjectionUITests */,
			);
		};
/* End PBXProject section */

/* Begin PBXResourcesBuildPhase section */
		E649EEC82C2C516D00F8D554 /* Resources */ = {
			isa = PBXResourcesBuildPhase;
			buildActionMask = 2147483647;
			files = (
				E649EED72C2C516E00F8D554 /* Assets.xcassets in Resources */,
				E649EEDA2C2C516E00F8D554 /* Base in Resources */,
				E649EED52C2C516D00F8D554 /* Base in Resources */,
			);
			runOnlyForDeploymentPostprocessing = 0;
		};
		E649EEDE2C2C517100F8D554 /* Resources */ = {
			isa = PBXResourcesBuildPhase;
			buildActionMask = 2147483647;
			files = (
			);
			runOnlyForDeploymentPostprocessing = 0;
		};
		E649EEE82C2C517100F8D554 /* Resources */ = {
			isa = PBXResourcesBuildPhase;
			buildActionMask = 2147483647;
			files = (
			);
			runOnlyForDeploymentPostprocessing = 0;
		};
/* End PBXResourcesBuildPhase section */

/* Begin PBXSourcesBuildPhase section */
		E649EEC62C2C516D00F8D554 /* Sources */ = {
			isa = PBXSourcesBuildPhase;
			buildActionMask = 2147483647;
			files = (
				E649EF102C2C54B000F8D554 /* TrackingImplementation.swift in Sources */,
				E649EF022C2C524500F8D554 /* Tracking.swift in Sources */,
				E649EF042C2C525E00F8D554 /* ABTesting.swift in Sources */,
				E649EF0A2C2C530800F8D554 /* Page2ViewController.swift in Sources */,
				E649EED22C2C516D00F8D554 /* ViewController.swift in Sources */,
				E649EF122C2C54CF00F8D554 /* ABTestingImplementation.swift in Sources */,
				E649EECE2C2C516D00F8D554 /* AppDelegate.swift in Sources */,
				E649EF062C2C527E00F8D554 /* Page1ViewController.swift in Sources */,
				E649EF0E2C2C548500F8D554 /* NetworkingImplementation.swift in Sources */,
				E649EED02C2C516D00F8D554 /* SceneDelegate.swift in Sources */,
				E649EF002C2C523100F8D554 /* Networking.swift in Sources */,
			);
			runOnlyForDeploymentPostprocessing = 0;
		};
		E649EEDC2C2C517100F8D554 /* Sources */ = {
			isa = PBXSourcesBuildPhase;
			buildActionMask = 2147483647;
			files = (
				E649EEE52C2C517100F8D554 /* ProtocolBasedDependencyInjectionTests.swift in Sources */,
			);
			runOnlyForDeploymentPostprocessing = 0;
		};
		E649EEE62C2C517100F8D554 /* Sources */ = {
			isa = PBXSourcesBuildPhase;
			buildActionMask = 2147483647;
			files = (
				E649EEEF2C2C517100F8D554 /* ProtocolBasedDependencyInjectionUITests.swift in Sources */,
				E649EEF12C2C517100F8D554 /* ProtocolBasedDependencyInjectionUITestsLaunchTests.swift in Sources */,
			);
			runOnlyForDeploymentPostprocessing = 0;
		};
/* End PBXSourcesBuildPhase section */

/* Begin PBXTargetDependency section */
		E649EEE22C2C517100F8D554 /* PBXTargetDependency */ = {
			isa = PBXTargetDependency;
			target = E649EEC92C2C516D00F8D554 /* ProtocolBasedDependencyInjection */;
			targetProxy = E649EEE12C2C517100F8D554 /* PBXContainerItemProxy */;
		};
		E649EEEC2C2C517100F8D554 /* PBXTargetDependency */ = {
			isa = PBXTargetDependency;
			target = E649EEC92C2C516D00F8D554 /* ProtocolBasedDependencyInjection */;
			targetProxy = E649EEEB2C2C517100F8D554 /* PBXContainerItemProxy */;
		};
/* End PBXTargetDependency section */

/* Begin PBXVariantGroup section */
		E649EED32C2C516D00F8D554 /* Main.storyboard */ = {
			isa = PBXVariantGroup;
			children = (
				E649EED42C2C516D00F8D554 /* Base */,
			);
			name = Main.storyboard;
			sourceTree = "<group>";
		};
		E649EED82C2C516E00F8D554 /* LaunchScreen.storyboard */ = {
			isa = PBXVariantGroup;
			children = (
				E649EED92C2C516E00F8D554 /* Base */,
			);
			name = LaunchScreen.storyboard;
			sourceTree = "<group>";
		};
/* End PBXVariantGroup section */

/* Begin XCBuildConfiguration section */
		E649EEF22C2C517100F8D554 /* Debug */ = {
			isa = XCBuildConfiguration;
			buildSettings = {
				ALWAYS_SEARCH_USER_PATHS = NO;
				ASSETCATALOG_COMPILER_GENERATE_SWIFT_ASSET_SYMBOL_EXTENSIONS = YES;
				CLANG_ANALYZER_NONNULL = YES;
				CLANG_ANALYZER_NUMBER_OBJECT_CONVERSION = YES_AGGRESSIVE;
				CLANG_CXX_LANGUAGE_STANDARD = "gnu++20";
				CLANG_ENABLE_MODULES = YES;
				CLANG_ENABLE_OBJC_ARC = YES;
				CLANG_ENABLE_OBJC_WEAK = YES;
				CLANG_WARN_BLOCK_CAPTURE_AUTORELEASING = YES;
				CLANG_WARN_BOOL_CONVERSION = YES;
				CLANG_WARN_COMMA = YES;
				CLANG_WARN_CONSTANT_CONVERSION = YES;
				CLANG_WARN_DEPRECATED_OBJC_IMPLEMENTATIONS = YES;
				CLANG_WARN_DIRECT_OBJC_ISA_USAGE = YES_ERROR;
				CLANG_WARN_DOCUMENTATION_COMMENTS = YES;
				CLANG_WARN_EMPTY_BODY = YES;
				CLANG_WARN_ENUM_CONVERSION = YES;
				CLANG_WARN_INFINITE_RECURSION = YES;
				CLANG_WARN_INT_CONVERSION = YES;
				CLANG_WARN_NON_LITERAL_NULL_CONVERSION = YES;
				CLANG_WARN_OBJC_IMPLICIT_RETAIN_SELF = YES;
				CLANG_WARN_OBJC_LITERAL_CONVERSION = YES;
				CLANG_WARN_OBJC_ROOT_CLASS = YES_ERROR;
				CLANG_WARN_QUOTED_INCLUDE_IN_FRAMEWORK_HEADER = YES;
				CLANG_WARN_RANGE_LOOP_ANALYSIS = YES;
				CLANG_WARN_STRICT_PROTOTYPES = YES;
				CLANG_WARN_SUSPICIOUS_MOVE = YES;
				CLANG_WARN_UNGUARDED_AVAILABILITY = YES_AGGRESSIVE;
				CLANG_WARN_UNREACHABLE_CODE = YES;
				CLANG_WARN__DUPLICATE_METHOD_MATCH = YES;
				COPY_PHASE_STRIP = NO;
				DEBUG_INFORMATION_FORMAT = dwarf;
				ENABLE_STRICT_OBJC_MSGSEND = YES;
				ENABLE_TESTABILITY = YES;
				ENABLE_USER_SCRIPT_SANDBOXING = YES;
				GCC_C_LANGUAGE_STANDARD = gnu17;
				GCC_DYNAMIC_NO_PIC = NO;
				GCC_NO_COMMON_BLOCKS = YES;
				GCC_OPTIMIZATION_LEVEL = 0;
				GCC_PREPROCESSOR_DEFINITIONS = (
					"DEBUG=1",
					"$(inherited)",
				);
				GCC_WARN_64_TO_32_BIT_CONVERSION = YES;
				GCC_WARN_ABOUT_RETURN_TYPE = YES_ERROR;
				GCC_WARN_UNDECLARED_SELECTOR = YES;
				GCC_WARN_UNINITIALIZED_AUTOS = YES_AGGRESSIVE;
				GCC_WARN_UNUSED_FUNCTION = YES;
				GCC_WARN_UNUSED_VARIABLE = YES;
				IPHONEOS_DEPLOYMENT_TARGET = 17.4;
				LOCALIZATION_PREFERS_STRING_CATALOGS = YES;
				MTL_ENABLE_DEBUG_INFO = INCLUDE_SOURCE;
				MTL_FAST_MATH = YES;
				ONLY_ACTIVE_ARCH = YES;
				SDKROOT = iphoneos;
				SWIFT_ACTIVE_COMPILATION_CONDITIONS = "DEBUG $(inherited)";
				SWIFT_OPTIMIZATION_LEVEL = "-Onone";
			};
			name = Debug;
		};
		E649EEF32C2C517100F8D554 /* Release */ = {
			isa = XCBuildConfiguration;
			buildSettings = {
				ALWAYS_SEARCH_USER_PATHS = NO;
				ASSETCATALOG_COMPILER_GENERATE_SWIFT_ASSET_SYMBOL_EXTENSIONS = YES;
				CLANG_ANALYZER_NONNULL = YES;
				CLANG_ANALYZER_NUMBER_OBJECT_CONVERSION = YES_AGGRESSIVE;
				CLANG_CXX_LANGUAGE_STANDARD = "gnu++20";
				CLANG_ENABLE_MODULES = YES;
				CLANG_ENABLE_OBJC_ARC = YES;
				CLANG_ENABLE_OBJC_WEAK = YES;
				CLANG_WARN_BLOCK_CAPTURE_AUTORELEASING = YES;
				CLANG_WARN_BOOL_CONVERSION = YES;
				CLANG_WARN_COMMA = YES;
				CLANG_WARN_CONSTANT_CONVERSION = YES;
				CLANG_WARN_DEPRECATED_OBJC_IMPLEMENTATIONS = YES;
				CLANG_WARN_DIRECT_OBJC_ISA_USAGE = YES_ERROR;
				CLANG_WARN_DOCUMENTATION_COMMENTS = YES;
				CLANG_WARN_EMPTY_BODY = YES;
				CLANG_WARN_ENUM_CONVERSION = YES;
				CLANG_WARN_INFINITE_RECURSION = YES;
				CLANG_WARN_INT_CONVERSION = YES;
				CLANG_WARN_NON_LITERAL_NULL_CONVERSION = YES;
				CLANG_WARN_OBJC_IMPLICIT_RETAIN_SELF = YES;
				CLANG_WARN_OBJC_LITERAL_CONVERSION = YES;
				CLANG_WARN_OBJC_ROOT_CLASS = YES_ERROR;
				CLANG_WARN_QUOTED_INCLUDE_IN_FRAMEWORK_HEADER = YES;
				CLANG_WARN_RANGE_LOOP_ANALYSIS = YES;
				CLANG_WARN_STRICT_PROTOTYPES = YES;
				CLANG_WARN_SUSPICIOUS_MOVE = YES;
				CLANG_WARN_UNGUARDED_AVAILABILITY = YES_AGGRESSIVE;
				CLANG_WARN_UNREACHABLE_CODE = YES;
				CLANG_WARN__DUPLICATE_METHOD_MATCH = YES;
				COPY_PHASE_STRIP = NO;
				DEBUG_INFORMATION_FORMAT = "dwarf-with-dsym";
				ENABLE_NS_ASSERTIONS = NO;
				ENABLE_STRICT_OBJC_MSGSEND = YES;
				ENABLE_USER_SCRIPT_SANDBOXING = YES;
				GCC_C_LANGUAGE_STANDARD = gnu17;
				GCC_NO_COMMON_BLOCKS = YES;
				GCC_WARN_64_TO_32_BIT_CONVERSION = YES;
				GCC_WARN_ABOUT_RETURN_TYPE = YES_ERROR;
				GCC_WARN_UNDECLARED_SELECTOR = YES;
				GCC_WARN_UNINITIALIZED_AUTOS = YES_AGGRESSIVE;
				GCC_WARN_UNUSED_FUNCTION = YES;
				GCC_WARN_UNUSED_VARIABLE = YES;
				IPHONEOS_DEPLOYMENT_TARGET = 17.4;
				LOCALIZATION_PREFERS_STRING_CATALOGS = YES;
				MTL_ENABLE_DEBUG_INFO = NO;
				MTL_FAST_MATH = YES;
				SDKROOT = iphoneos;
				SWIFT_COMPILATION_MODE = wholemodule;
				VALIDATE_PRODUCT = YES;
			};
			name = Release;
		};
		E649EEF52C2C517100F8D554 /* Debug */ = {
			isa = XCBuildConfiguration;
			buildSettings = {
				ASSETCATALOG_COMPILER_APPICON_NAME = AppIcon;
				ASSETCATALOG_COMPILER_GLOBAL_ACCENT_COLOR_NAME = AccentColor;
				CODE_SIGN_STYLE = Automatic;
				CURRENT_PROJECT_VERSION = 1;
				DEVELOPMENT_TEAM = 9TC67YNRBL;
				GENERATE_INFOPLIST_FILE = YES;
				INFOPLIST_FILE = ProtocolBasedDependencyInjection/Info.plist;
				INFOPLIST_KEY_UIApplicationSupportsIndirectInputEvents = YES;
				INFOPLIST_KEY_UILaunchStoryboardName = LaunchScreen;
				INFOPLIST_KEY_UIMainStoryboardFile = Main;
				INFOPLIST_KEY_UISupportedInterfaceOrientations_iPad = "UIInterfaceOrientationPortrait UIInterfaceOrientationPortraitUpsideDown UIInterfaceOrientationLandscapeLeft UIInterfaceOrientationLandscapeRight";
				INFOPLIST_KEY_UISupportedInterfaceOrientations_iPhone = "UIInterfaceOrientationPortrait UIInterfaceOrientationLandscapeLeft UIInterfaceOrientationLandscapeRight";
				LD_RUNPATH_SEARCH_PATHS = (
					"$(inherited)",
					"@executable_path/Frameworks",
				);
				MARKETING_VERSION = 1.0;
				PRODUCT_BUNDLE_IDENTIFIER = modernwebsites.co.za.ProtocolBasedDependencyInjection;
				PRODUCT_NAME = "$(TARGET_NAME)";
				SWIFT_EMIT_LOC_STRINGS = YES;
				SWIFT_VERSION = 5.0;
				TARGETED_DEVICE_FAMILY = "1,2";
			};
			name = Debug;
		};
		E649EEF62C2C517100F8D554 /* Release */ = {
			isa = XCBuildConfiguration;
			buildSettings = {
				ASSETCATALOG_COMPILER_APPICON_NAME = AppIcon;
				ASSETCATALOG_COMPILER_GLOBAL_ACCENT_COLOR_NAME = AccentColor;
				CODE_SIGN_STYLE = Automatic;
				CURRENT_PROJECT_VERSION = 1;
				DEVELOPMENT_TEAM = 9TC67YNRBL;
				GENERATE_INFOPLIST_FILE = YES;
				INFOPLIST_FILE = ProtocolBasedDependencyInjection/Info.plist;
				INFOPLIST_KEY_UIApplicationSupportsIndirectInputEvents = YES;
				INFOPLIST_KEY_UILaunchStoryboardName = LaunchScreen;
				INFOPLIST_KEY_UIMainStoryboardFile = Main;
				INFOPLIST_KEY_UISupportedInterfaceOrientations_iPad = "UIInterfaceOrientationPortrait UIInterfaceOrientationPortraitUpsideDown UIInterfaceOrientationLandscapeLeft UIInterfaceOrientationLandscapeRight";
				INFOPLIST_KEY_UISupportedInterfaceOrientations_iPhone = "UIInterfaceOrientationPortrait UIInterfaceOrientationLandscapeLeft UIInterfaceOrientationLandscapeRight";
				LD_RUNPATH_SEARCH_PATHS = (
					"$(inherited)",
					"@executable_path/Frameworks",
				);
				MARKETING_VERSION = 1.0;
				PRODUCT_BUNDLE_IDENTIFIER = modernwebsites.co.za.ProtocolBasedDependencyInjection;
				PRODUCT_NAME = "$(TARGET_NAME)";
				SWIFT_EMIT_LOC_STRINGS = YES;
				SWIFT_VERSION = 5.0;
				TARGETED_DEVICE_FAMILY = "1,2";
			};
			name = Release;
		};
		E649EEF82C2C517100F8D554 /* Debug */ = {
			isa = XCBuildConfiguration;
			buildSettings = {
				ALWAYS_EMBED_SWIFT_STANDARD_LIBRARIES = YES;
				BUNDLE_LOADER = "$(TEST_HOST)";
				CODE_SIGN_STYLE = Automatic;
				CURRENT_PROJECT_VERSION = 1;
				DEVELOPMENT_TEAM = 9TC67YNRBL;
				GENERATE_INFOPLIST_FILE = YES;
				IPHONEOS_DEPLOYMENT_TARGET = 17.4;
				MARKETING_VERSION = 1.0;
				PRODUCT_BUNDLE_IDENTIFIER = modernwebsites.co.za.ProtocolBasedDependencyInjectionTests;
				PRODUCT_NAME = "$(TARGET_NAME)";
				SWIFT_EMIT_LOC_STRINGS = NO;
				SWIFT_VERSION = 5.0;
				TARGETED_DEVICE_FAMILY = "1,2";
				TEST_HOST = "$(BUILT_PRODUCTS_DIR)/ProtocolBasedDependencyInjection.app/$(BUNDLE_EXECUTABLE_FOLDER_PATH)/ProtocolBasedDependencyInjection";
			};
			name = Debug;
		};
		E649EEF92C2C517100F8D554 /* Release */ = {
			isa = XCBuildConfiguration;
			buildSettings = {
				ALWAYS_EMBED_SWIFT_STANDARD_LIBRARIES = YES;
				BUNDLE_LOADER = "$(TEST_HOST)";
				CODE_SIGN_STYLE = Automatic;
				CURRENT_PROJECT_VERSION = 1;
				DEVELOPMENT_TEAM = 9TC67YNRBL;
				GENERATE_INFOPLIST_FILE = YES;
				IPHONEOS_DEPLOYMENT_TARGET = 17.4;
				MARKETING_VERSION = 1.0;
				PRODUCT_BUNDLE_IDENTIFIER = modernwebsites.co.za.ProtocolBasedDependencyInjectionTests;
				PRODUCT_NAME = "$(TARGET_NAME)";
				SWIFT_EMIT_LOC_STRINGS = NO;
				SWIFT_VERSION = 5.0;
				TARGETED_DEVICE_FAMILY = "1,2";
				TEST_HOST = "$(BUILT_PRODUCTS_DIR)/ProtocolBasedDependencyInjection.app/$(BUNDLE_EXECUTABLE_FOLDER_PATH)/ProtocolBasedDependencyInjection";
			};
			name = Release;
		};
		E649EEFB2C2C517100F8D554 /* Debug */ = {
			isa = XCBuildConfiguration;
			buildSettings = {
				ALWAYS_EMBED_SWIFT_STANDARD_LIBRARIES = YES;
				CODE_SIGN_STYLE = Automatic;
				CURRENT_PROJECT_VERSION = 1;
				DEVELOPMENT_TEAM = 9TC67YNRBL;
				GENERATE_INFOPLIST_FILE = YES;
				MARKETING_VERSION = 1.0;
				PRODUCT_BUNDLE_IDENTIFIER = modernwebsites.co.za.ProtocolBasedDependencyInjectionUITests;
				PRODUCT_NAME = "$(TARGET_NAME)";
				SWIFT_EMIT_LOC_STRINGS = NO;
				SWIFT_VERSION = 5.0;
				TARGETED_DEVICE_FAMILY = "1,2";
				TEST_TARGET_NAME = ProtocolBasedDependencyInjection;
			};
			name = Debug;
		};
		E649EEFC2C2C517100F8D554 /* Release */ = {
			isa = XCBuildConfiguration;
			buildSettings = {
				ALWAYS_EMBED_SWIFT_STANDARD_LIBRARIES = YES;
				CODE_SIGN_STYLE = Automatic;
				CURRENT_PROJECT_VERSION = 1;
				DEVELOPMENT_TEAM = 9TC67YNRBL;
				GENERATE_INFOPLIST_FILE = YES;
				MARKETING_VERSION = 1.0;
				PRODUCT_BUNDLE_IDENTIFIER = modernwebsites.co.za.ProtocolBasedDependencyInjectionUITests;
				PRODUCT_NAME = "$(TARGET_NAME)";
				SWIFT_EMIT_LOC_STRINGS = NO;
				SWIFT_VERSION = 5.0;
				TARGETED_DEVICE_FAMILY = "1,2";
				TEST_TARGET_NAME = ProtocolBasedDependencyInjection;
			};
			name = Release;
		};
/* End XCBuildConfiguration section */

/* Begin XCConfigurationList section */
		E649EEC52C2C516D00F8D554 /* Build configuration list for PBXProject "ProtocolBasedDependencyInjection" */ = {
			isa = XCConfigurationList;
			buildConfigurations = (
				E649EEF22C2C517100F8D554 /* Debug */,
				E649EEF32C2C517100F8D554 /* Release */,
			);
			defaultConfigurationIsVisible = 0;
			defaultConfigurationName = Release;
		};
		E649EEF42C2C517100F8D554 /* Build configuration list for PBXNativeTarget "ProtocolBasedDependencyInjection" */ = {
			isa = XCConfigurationList;
			buildConfigurations = (
				E649EEF52C2C517100F8D554 /* Debug */,
				E649EEF62C2C517100F8D554 /* Release */,
			);
			defaultConfigurationIsVisible = 0;
			defaultConfigurationName = Release;
		};
		E649EEF72C2C517100F8D554 /* Build configuration list for PBXNativeTarget "ProtocolBasedDependencyInjectionTests" */ = {
			isa = XCConfigurationList;
			buildConfigurations = (
				E649EEF82C2C517100F8D554 /* Debug */,
				E649EEF92C2C517100F8D554 /* Release */,
			);
			defaultConfigurationIsVisible = 0;
			defaultConfigurationName = Release;
		};
		E649EEFA2C2C517100F8D554 /* Build configuration list for PBXNativeTarget "ProtocolBasedDependencyInjectionUITests" */ = {
			isa = XCConfigurationList;
			buildConfigurations = (
				E649EEFB2C2C517100F8D554 /* Debug */,
				E649EEFC2C2C517100F8D554 /* Release */,
			);
			defaultConfigurationIsVisible = 0;
			defaultConfigurationName = Release;
		};
/* End XCConfigurationList section */
	};
	rootObject = E649EEC22C2C516D00F8D554 /* Project object */;
}
